
Microsoft Visual Studio Solution File, Format Version 12.00
# Visual Studio Version 16
VisualStudioVersion = 16.0.30413.136
MinimumVisualStudioVersion = 10.0.40219.1
Project("{FAE04EC0-301F-11D3-BF4B-00C04F79EFBC}") = "Pacman_Game", "Pacman_Game\Pacman_Game.csproj", "{01E561AB-D7BF-46CB-8919-CFBAA335B328}"
EndProject
Global
	GlobalSection(SolutionConfigurationPlatforms) = preSolution
		Debug|Any CPU = Debug|Any CPU
		Release|Any CPU = Release|Any CPU
	EndGlobalSection
	GlobalSection(ProjectConfigurationPlatforms) = postSolution
		{01E561AB-D7BF-46CB-8919-CFBAA335B328}.Debug|Any CPU.ActiveCfg = Debug|Any CPU
		{01E561AB-D7BF-46CB-8919-CFBAA335B328}.Debug|Any CPU.Build.0 = Debug|Any CPU
		{01E561AB-D7BF-46CB-8919-CFBAA335B328}.Release|Any CPU.ActiveCfg = Release|Any CPU
		{01E561AB-D7BF-46CB-8919-CFBAA335B328}.Release|Any CPU.Build.0 = Release|Any CPU
	EndGlobalSection
	GlobalSection(SolutionProperties) = preSolution
		HideSolutionNode = FALSE
	EndGlobalSection
	GlobalSection(ExtensibilityGlobals) = postSolution
		SolutionGuid = {EB27CF92-B422-4D12-ABA8-DE0F72C00CDB}
	EndGlobalSection
EndGlobal
